# THIS IS AN AUTOGENERATED FILE. DO NOT EDIT THIS FILE DIRECTLY.
# yarn lockfile v1


deepmerge@^4.2.2:
  version "4.2.2"
  resolved "https://registry.yarnpkg.com/deepmerge/-/deepmerge-4.2.2.tgz#44d2ea3679b8f4d4ffba33f03d865fc1e7bf4955"
  integrity sha512-FJ3UgI4gIl+PHZm53knsuSFpE+nESMr7M4v9QcgB7S63Kj/6WqMiFQJpBBYz1Pt+66bZpP3Q7Lye0Oo9MPKEdg==

shvl@^2.0.0:
  version "2.0.0"
  resolved "https://registry.yarnpkg.com/shvl/-/shvl-2.0.0.tgz#55fd550b6e81bf7574f2f576b8b5c1ffae74e10f"
  integrity sha512-WbpzSvI5XgVGJ3A4ySGe8hBxj0JgJktfnoLhhJmvITDdK21WPVWwgG8GPlYEh4xqdti3Ff7PJ5G0QrRAjNS0Ig==

vuex-persistedstate@^3.0.1:
  version "3.0.1"
  resolved "https://registry.yarnpkg.com/vuex-persistedstate/-/vuex-persistedstate-3.0.1.tgz#6eacc3c416fe8cfe63c40d3ee7b8ed13aac4f04f"
  integrity sha512-2dH77+fIecAXO8GeJEXiYnC++gx48PFGUayB5d7rWrN3fblRCOHQoVnmu/VV9DXbHHJcJth/0W/ofl8vw12j1A==
  dependencies:
    deepmerge "^4.2.2"
    shvl "^2.0.0"
